
Microsoft Visual Studio Solution File, Format Version 12.00
# Visual Studio Version 16
VisualStudioVersion = 16.0.31729.503
MinimumVisualStudioVersion = 10.0.40219.1
Project("{FAE04EC0-301F-11D3-BF4B-00C04F79EFBC}") = "1、单例模式", "1、单例模式\1、单例模式.csproj", "{77246B6F-CB64-4D25-949B-3121B1901E71}"
EndProject
Project("{FAE04EC0-301F-11D3-BF4B-00C04F79EFBC}") = "2、工厂方法模式", "2、工厂方法模式\2、工厂方法模式.csproj", "{957B7637-460B-454D-810F-88E4D833DED0}"
EndProject
Project("{FAE04EC0-301F-11D3-BF4B-00C04F79EFBC}") = "3、抽象工厂模式", "3、抽象工厂模式\3、抽象工厂模式.csproj", "{AA6E5873-B17C-4119-B8C0-FFE4C6575CE5}"
EndProject
Project("{FAE04EC0-301F-11D3-BF4B-00C04F79EFBC}") = "4、建造者模式", "4、建造者模式\4、建造者模式.csproj", "{5987F28C-15B0-4E28-ADEF-44FC1AD10FA6}"
EndProject
Project("{FAE04EC0-301F-11D3-BF4B-00C04F79EFBC}") = "5、原型模式", "5、原型模式\5、原型模式.csproj", "{6E4B1EC4-13D1-40D6-BCA8-DCD0647D6835}"
EndProject
Global
	GlobalSection(SolutionConfigurationPlatforms) = preSolution
		Debug|Any CPU = Debug|Any CPU
		Release|Any CPU = Release|Any CPU
	EndGlobalSection
	GlobalSection(ProjectConfigurationPlatforms) = postSolution
		{77246B6F-CB64-4D25-949B-3121B1901E71}.Debug|Any CPU.ActiveCfg = Debug|Any CPU
		{77246B6F-CB64-4D25-949B-3121B1901E71}.Debug|Any CPU.Build.0 = Debug|Any CPU
		{77246B6F-CB64-4D25-949B-3121B1901E71}.Release|Any CPU.ActiveCfg = Release|Any CPU
		{77246B6F-CB64-4D25-949B-3121B1901E71}.Release|Any CPU.Build.0 = Release|Any CPU
		{957B7637-460B-454D-810F-88E4D833DED0}.Debug|Any CPU.ActiveCfg = Debug|Any CPU
		{957B7637-460B-454D-810F-88E4D833DED0}.Debug|Any CPU.Build.0 = Debug|Any CPU
		{957B7637-460B-454D-810F-88E4D833DED0}.Release|Any CPU.ActiveCfg = Release|Any CPU
		{957B7637-460B-454D-810F-88E4D833DED0}.Release|Any CPU.Build.0 = Release|Any CPU
		{AA6E5873-B17C-4119-B8C0-FFE4C6575CE5}.Debug|Any CPU.ActiveCfg = Debug|Any CPU
		{AA6E5873-B17C-4119-B8C0-FFE4C6575CE5}.Debug|Any CPU.Build.0 = Debug|Any CPU
		{AA6E5873-B17C-4119-B8C0-FFE4C6575CE5}.Release|Any CPU.ActiveCfg = Release|Any CPU
		{AA6E5873-B17C-4119-B8C0-FFE4C6575CE5}.Release|Any CPU.Build.0 = Release|Any CPU
		{5987F28C-15B0-4E28-ADEF-44FC1AD10FA6}.Debug|Any CPU.ActiveCfg = Debug|Any CPU
		{5987F28C-15B0-4E28-ADEF-44FC1AD10FA6}.Debug|Any CPU.Build.0 = Debug|Any CPU
		{5987F28C-15B0-4E28-ADEF-44FC1AD10FA6}.Release|Any CPU.ActiveCfg = Release|Any CPU
		{5987F28C-15B0-4E28-ADEF-44FC1AD10FA6}.Release|Any CPU.Build.0 = Release|Any CPU
		{6E4B1EC4-13D1-40D6-BCA8-DCD0647D6835}.Debug|Any CPU.ActiveCfg = Debug|Any CPU
		{6E4B1EC4-13D1-40D6-BCA8-DCD0647D6835}.Debug|Any CPU.Build.0 = Debug|Any CPU
		{6E4B1EC4-13D1-40D6-BCA8-DCD0647D6835}.Release|Any CPU.ActiveCfg = Release|Any CPU
		{6E4B1EC4-13D1-40D6-BCA8-DCD0647D6835}.Release|Any CPU.Build.0 = Release|Any CPU
	EndGlobalSection
	GlobalSection(SolutionProperties) = preSolution
		HideSolutionNode = FALSE
	EndGlobalSection
	GlobalSection(ExtensibilityGlobals) = postSolution
		SolutionGuid = {B0D039D5-5269-4376-93E2-132E5FF214ED}
	EndGlobalSection
EndGlobal
